
Microsoft Visual Studio Solution File, Format Version 12.00
# Visual Studio 14
VisualStudioVersion = 14.0.25420.1
MinimumVisualStudioVersion = 10.0.40219.1
Project("{FAE04EC0-301F-11D3-BF4B-00C04F79EFBC}") = "F23.StringSimilarity", "src\F23.StringSimilarity\F23.StringSimilarity.csproj", "{FA27327B-BCCC-46C7-8EED-BBD1ECF4BF53}"
EndProject
Project("{FAE04EC0-301F-11D3-BF4B-00C04F79EFBC}") = "F23.StringSimilarity.Tests", "test\F23.StringSimilarity.Tests\F23.StringSimilarity.Tests.csproj", "{68F339E6-278F-4B04-A6ED-422AAD30591F}"
EndProject
Project("{FAE04EC0-301F-11D3-BF4B-00C04F79EFBC}") = "F23.StringSimilarity.Benchmarks", "F23.StringSimilarity.Benchmarks\F23.StringSimilarity.Benchmarks.csproj", "{3A9605B1-820C-43C2-8F9B-72BCA5F5543B}"
EndProject
Global
	GlobalSection(SolutionConfigurationPlatforms) = preSolution
		Debug|Any CPU = Debug|Any CPU
		Release|Any CPU = Release|Any CPU
	EndGlobalSection
	GlobalSection(ProjectConfigurationPlatforms) = postSolution
		{FA27327B-BCCC-46C7-8EED-BBD1ECF4BF53}.Debug|Any CPU.ActiveCfg = Debug|Any CPU
		{FA27327B-BCCC-46C7-8EED-BBD1ECF4BF53}.Debug|Any CPU.Build.0 = Debug|Any CPU
		{FA27327B-BCCC-46C7-8EED-BBD1ECF4BF53}.Release|Any CPU.ActiveCfg = Release|Any CPU
		{FA27327B-BCCC-46C7-8EED-BBD1ECF4BF53}.Release|Any CPU.Build.0 = Release|Any CPU
		{68F339E6-278F-4B04-A6ED-422AAD30591F}.Debug|Any CPU.ActiveCfg = Debug|Any CPU
		{68F339E6-278F-4B04-A6ED-422AAD30591F}.Debug|Any CPU.Build.0 = Debug|Any CPU
		{68F339E6-278F-4B04-A6ED-422AAD30591F}.Release|Any CPU.ActiveCfg = Release|Any CPU
		{68F339E6-278F-4B04-A6ED-422AAD30591F}.Release|Any CPU.Build.0 = Release|Any CPU
		{3A9605B1-820C-43C2-8F9B-72BCA5F5543B}.Debug|Any CPU.ActiveCfg = Debug|Any CPU
		{3A9605B1-820C-43C2-8F9B-72BCA5F5543B}.Debug|Any CPU.Build.0 = Debug|Any CPU
		{3A9605B1-820C-43C2-8F9B-72BCA5F5543B}.Release|Any CPU.ActiveCfg = Release|Any CPU
		{3A9605B1-820C-43C2-8F9B-72BCA5F5543B}.Release|Any CPU.Build.0 = Release|Any CPU
	EndGlobalSection
	GlobalSection(SolutionProperties) = preSolution
		HideSolutionNode = FALSE
	EndGlobalSection
EndGlobal
