
Microsoft Visual Studio Solution File, Format Version 12.00
# Visual Studio 15
VisualStudioVersion = 15.0.27703.2018
MinimumVisualStudioVersion = 10.0.40219.1
Project("{9A19103F-16F7-4668-BE54-9A1E7A4F7556}") = "Keyboost.Google.StringSimilarity", "src\F23.StringSimilarity\Keyboost.Google.StringSimilarity.csproj", "{FA27327B-BCCC-46C7-8EED-BBD1ECF4BF53}"
EndProject
Project("{9A19103F-16F7-4668-BE54-9A1E7A4F7556}") = "Keyboost.Google.StringSimilarity.Tests", "test\F23.StringSimilarity.Tests\Keyboost.Google.StringSimilarity.Tests.csproj", "{68F339E6-278F-4B04-A6ED-422AAD30591F}"
EndProject
Global
	GlobalSection(SolutionConfigurationPlatforms) = preSolution
		Debug|Any CPU = Debug|Any CPU
		Release|Any CPU = Release|Any CPU
	EndGlobalSection
	GlobalSection(ProjectConfigurationPlatforms) = postSolution
		{FA27327B-BCCC-46C7-8EED-BBD1ECF4BF53}.Debug|Any CPU.ActiveCfg = Debug|Any CPU
		{FA27327B-BCCC-46C7-8EED-BBD1ECF4BF53}.Debug|Any CPU.Build.0 = Debug|Any CPU
		{FA27327B-BCCC-46C7-8EED-BBD1ECF4BF53}.Release|Any CPU.ActiveCfg = Release|Any CPU
		{FA27327B-BCCC-46C7-8EED-BBD1ECF4BF53}.Release|Any CPU.Build.0 = Release|Any CPU
		{68F339E6-278F-4B04-A6ED-422AAD30591F}.Debug|Any CPU.ActiveCfg = Debug|Any CPU
		{68F339E6-278F-4B04-A6ED-422AAD30591F}.Debug|Any CPU.Build.0 = Debug|Any CPU
		{68F339E6-278F-4B04-A6ED-422AAD30591F}.Release|Any CPU.ActiveCfg = Release|Any CPU
		{68F339E6-278F-4B04-A6ED-422AAD30591F}.Release|Any CPU.Build.0 = Release|Any CPU
	EndGlobalSection
	GlobalSection(SolutionProperties) = preSolution
		HideSolutionNode = FALSE
	EndGlobalSection
	GlobalSection(ExtensibilityGlobals) = postSolution
		SolutionGuid = {7F6BC36B-E79D-4E9C-89C0-034EB6AF7809}
	EndGlobalSection
EndGlobal
